
Microsoft Visual Studio Solution File, Format Version 12.00
# Visual Studio Version 17
VisualStudioVersion = 17.3.32901.215
MinimumVisualStudioVersion = 10.0.40219.1
Project("{FAE04EC0-301F-11D3-BF4B-00C04F79EFBC}") = "MovieRecordsAPI", "MovieRecordsAPI\MovieRecordsAPI.csproj", "{667D7EF5-BDEA-45A7-B968-03F3191C5780}"
EndProject
Global
	GlobalSection(SolutionConfigurationPlatforms) = preSolution
		Debug|Any CPU = Debug|Any CPU
		Release|Any CPU = Release|Any CPU
	EndGlobalSection
	GlobalSection(ProjectConfigurationPlatforms) = postSolution
		{667D7EF5-BDEA-45A7-B968-03F3191C5780}.Debug|Any CPU.ActiveCfg = Debug|Any CPU
		{667D7EF5-BDEA-45A7-B968-03F3191C5780}.Debug|Any CPU.Build.0 = Debug|Any CPU
		{667D7EF5-BDEA-45A7-B968-03F3191C5780}.Release|Any CPU.ActiveCfg = Release|Any CPU
		{667D7EF5-BDEA-45A7-B968-03F3191C5780}.Release|Any CPU.Build.0 = Release|Any CPU
	EndGlobalSection
	GlobalSection(SolutionProperties) = preSolution
		HideSolutionNode = FALSE
	EndGlobalSection
	GlobalSection(ExtensibilityGlobals) = postSolution
		SolutionGuid = {201773EE-AB18-433A-B8D0-AB4E93F5F361}
	EndGlobalSection
EndGlobal
